// !$*UTF8*$!
{
	archiveVersion = 1;
	classes = {
	};
	objectVersion = 56;
	objects = {

/* Begin PBXBuildFile section */
		7B06B78A2D514C8B0001D0FB /* teste_3App.swift in Sources */ = {isa = PBXBuildFile; fileRef = 7B06B7892D514C8B0001D0FB /* teste_3App.swift */; };
		7B06B78C2D514C8B0001D0FB /* ContentView.swift in Sources */ = {isa = PBXBuildFile; fileRef = 7B06B78B2D514C8B0001D0FB /* ContentView.swift */; };
		7B06B78E2D514C8C0001D0FB /* Assets.xcassets in Resources */ = {isa = PBXBuildFile; fileRef = 7B06B78D2D514C8C0001D0FB /* Assets.xcassets */; };
		7B06B7912D514C8C0001D0FB /* Preview Assets.xcassets in Resources */ = {isa = PBXBuildFile; fileRef = 7B06B7902D514C8C0001D0FB /* Preview Assets.xcassets */; };
		7B06B79B2D514C8C0001D0FB /* teste_3Tests.swift in Sources */ = {isa = PBXBuildFile; fileRef = 7B06B79A2D514C8C0001D0FB /* teste_3Tests.swift */; };
		7B06B7A52D514C8C0001D0FB /* teste_3UITests.swift in Sources */ = {isa = PBXBuildFile; fileRef = 7B06B7A42D514C8C0001D0FB /* teste_3UITests.swift */; };
		7B06B7A72D514C8C0001D0FB /* teste_3UITestsLaunchTests.swift in Sources */ = {isa = PBXBuildFile; fileRef = 7B06B7A62D514C8C0001D0FB /* teste_3UITestsLaunchTests.swift */; };
		7B06B7B52D514CA30001D0FB /* ImageTest.xcdatamodeld in Sources */ = {isa = PBXBuildFile; fileRef = 7B06B7B32D514CA30001D0FB /* ImageTest.xcdatamodeld */; };
		7B06B7B72D514CD20001D0FB /* imageConverterTest.swift in Sources */ = {isa = PBXBuildFile; fileRef = 7B06B7B62D514CD20001D0FB /* imageConverterTest.swift */; };
		7B06B7B92D51504B0001D0FB /* persistence.swift in Sources */ = {isa = PBXBuildFile; fileRef = 7B06B7B82D51504B0001D0FB /* persistence.swift */; };
/* End PBXBuildFile section */

/* Begin PBXContainerItemProxy section */
		7B06B7972D514C8C0001D0FB /* PBXContainerItemProxy */ = {
			isa = PBXContainerItemProxy;
			containerPortal = 7B06B77E2D514C8B0001D0FB /* Project object */;
			proxyType = 1;
			remoteGlobalIDString = 7B06B7852D514C8B0001D0FB;
			remoteInfo = "teste 3";
		};
		7B06B7A12D514C8C0001D0FB /* PBXContainerItemProxy */ = {
			isa = PBXContainerItemProxy;
			containerPortal = 7B06B77E2D514C8B0001D0FB /* Project object */;
			proxyType = 1;
			remoteGlobalIDString = 7B06B7852D514C8B0001D0FB;
			remoteInfo = "teste 3";
		};
/* End PBXContainerItemProxy section */

/* Begin PBXFileReference section */
		7B06B7862D514C8B0001D0FB /* teste 3.app */ = {isa = PBXFileReference; explicitFileType = wrapper.application; includeInIndex = 0; path = "teste 3.app"; sourceTree = BUILT_PRODUCTS_DIR; };
		7B06B7892D514C8B0001D0FB /* teste_3App.swift */ = {isa = PBXFileReference; lastKnownFileType = sourcecode.swift; path = teste_3App.swift; sourceTree = "<group>"; };
		7B06B78B2D514C8B0001D0FB /* ContentView.swift */ = {isa = PBXFileReference; lastKnownFileType = sourcecode.swift; path = ContentView.swift; sourceTree = "<group>"; };
		7B06B78D2D514C8C0001D0FB /* Assets.xcassets */ = {isa = PBXFileReference; lastKnownFileType = folder.assetcatalog; path = Assets.xcassets; sourceTree = "<group>"; };
		7B06B7902D514C8C0001D0FB /* Preview Assets.xcassets */ = {isa = PBXFileReference; lastKnownFileType = folder.assetcatalog; path = "Preview Assets.xcassets"; sourceTree = "<group>"; };
		7B06B7962D514C8C0001D0FB /* teste 3Tests.xctest */ = {isa = PBXFileReference; explicitFileType = wrapper.cfbundle; includeInIndex = 0; path = "teste 3Tests.xctest"; sourceTree = BUILT_PRODUCTS_DIR; };
		7B06B79A2D514C8C0001D0FB /* teste_3Tests.swift */ = {isa = PBXFileReference; lastKnownFileType = sourcecode.swift; path = teste_3Tests.swift; sourceTree = "<group>"; };
		7B06B7A02D514C8C0001D0FB /* teste 3UITests.xctest */ = {isa = PBXFileReference; explicitFileType = wrapper.cfbundle; includeInIndex = 0; path = "teste 3UITests.xctest"; sourceTree = BUILT_PRODUCTS_DIR; };
		7B06B7A42D514C8C0001D0FB /* teste_3UITests.swift */ = {isa = PBXFileReference; lastKnownFileType = sourcecode.swift; path = teste_3UITests.swift; sourceTree = "<group>"; };
		7B06B7A62D514C8C0001D0FB /* teste_3UITestsLaunchTests.swift */ = {isa = PBXFileReference; lastKnownFileType = sourcecode.swift; path = teste_3UITestsLaunchTests.swift; sourceTree = "<group>"; };
		7B06B7B42D514CA30001D0FB /* ImageTest.xcdatamodel */ = {isa = PBXFileReference; lastKnownFileType = wrapper.xcdatamodel; path = ImageTest.xcdatamodel; sourceTree = "<group>"; };
		7B06B7B62D514CD20001D0FB /* imageConverterTest.swift */ = {isa = PBXFileReference; lastKnownFileType = sourcecode.swift; path = imageConverterTest.swift; sourceTree = "<group>"; };
		7B06B7B82D51504B0001D0FB /* persistence.swift */ = {isa = PBXFileReference; lastKnownFileType = sourcecode.swift; path = persistence.swift; sourceTree = "<group>"; };
		7B06B7BA2D5153950001D0FB /* teste-3-Info.plist */ = {isa = PBXFileReference; lastKnownFileType = text.plist; path = "teste-3-Info.plist"; sourceTree = SOURCE_ROOT; };
/* End PBXFileReference section */

/* Begin PBXFrameworksBuildPhase section */
		7B06B7832D514C8B0001D0FB /* Frameworks */ = {
			isa = PBXFrameworksBuildPhase;
			buildActionMask = 2147483647;
			files = (
			);
			runOnlyForDeploymentPostprocessing = 0;
		};
		7B06B7932D514C8C0001D0FB /* Frameworks */ = {
			isa = PBXFrameworksBuildPhase;
			buildActionMask = 2147483647;
			files = (
			);
			runOnlyForDeploymentPostprocessing = 0;
		};
		7B06B79D2D514C8C0001D0FB /* Frameworks */ = {
			isa = PBXFrameworksBuildPhase;
			buildActionMask = 2147483647;
			files = (
			);
			runOnlyForDeploymentPostprocessing = 0;
		};
/* End PBXFrameworksBuildPhase section */

/* Begin PBXGroup section */
		7B06B77D2D514C8B0001D0FB = {
			isa = PBXGroup;
			children = (
				7B06B7882D514C8B0001D0FB /* teste 3 */,
				7B06B7992D514C8C0001D0FB /* teste 3Tests */,
				7B06B7A32D514C8C0001D0FB /* teste 3UITests */,
				7B06B7872D514C8B0001D0FB /* Products */,
			);
			sourceTree = "<group>";
		};
		7B06B7872D514C8B0001D0FB /* Products */ = {
			isa = PBXGroup;
			children = (
				7B06B7862D514C8B0001D0FB /* teste 3.app */,
				7B06B7962D514C8C0001D0FB /* teste 3Tests.xctest */,
				7B06B7A02D514C8C0001D0FB /* teste 3UITests.xctest */,
			);
			name = Products;
			sourceTree = "<group>";
		};
		7B06B7882D514C8B0001D0FB /* teste 3 */ = {
			isa = PBXGroup;
			children = (
				7B06B7BA2D5153950001D0FB /* teste-3-Info.plist */,
				7B06B7892D514C8B0001D0FB /* teste_3App.swift */,
				7B06B78B2D514C8B0001D0FB /* ContentView.swift */,
				7B06B7B62D514CD20001D0FB /* imageConverterTest.swift */,
				7B06B7B82D51504B0001D0FB /* persistence.swift */,
				7B06B78D2D514C8C0001D0FB /* Assets.xcassets */,
				7B06B78F2D514C8C0001D0FB /* Preview Content */,
				7B06B7B32D514CA30001D0FB /* ImageTest.xcdatamodeld */,
			);
			path = "teste 3";
			sourceTree = "<group>";
		};
		7B06B78F2D514C8C0001D0FB /* Preview Content */ = {
			isa = PBXGroup;
			children = (
				7B06B7902D514C8C0001D0FB /* Preview Assets.xcassets */,
			);
			path = "Preview Content";
			sourceTree = "<group>";
		};
		7B06B7992D514C8C0001D0FB /* teste 3Tests */ = {
			isa = PBXGroup;
			children = (
				7B06B79A2D514C8C0001D0FB /* teste_3Tests.swift */,
			);
			path = "teste 3Tests";
			sourceTree = "<group>";
		};
		7B06B7A32D514C8C0001D0FB /* teste 3UITests */ = {
			isa = PBXGroup;
			children = (
				7B06B7A42D514C8C0001D0FB /* teste_3UITests.swift */,
				7B06B7A62D514C8C0001D0FB /* teste_3UITestsLaunchTests.swift */,
			);
			path = "teste 3UITests";
			sourceTree = "<group>";
		};
/* End PBXGroup section */

/* Begin PBXNativeTarget section */
		7B06B7852D514C8B0001D0FB /* teste 3 */ = {
			isa = PBXNativeTarget;
			buildConfigurationList = 7B06B7AA2D514C8C0001D0FB /* Build configuration list for PBXNativeTarget "teste 3" */;
			buildPhases = (
				7B06B7822D514C8B0001D0FB /* Sources */,
				7B06B7832D514C8B0001D0FB /* Frameworks */,
				7B06B7842D514C8B0001D0FB /* Resources */,
			);
			buildRules = (
			);
			dependencies = (
			);
			name = "teste 3";
			productName = "teste 3";
			productReference = 7B06B7862D514C8B0001D0FB /* teste 3.app */;
			productType = "com.apple.product-type.application";
		};
		7B06B7952D514C8C0001D0FB /* teste 3Tests */ = {
			isa = PBXNativeTarget;
			buildConfigurationList = 7B06B7AD2D514C8C0001D0FB /* Build configuration list for PBXNativeTarget "teste 3Tests" */;
			buildPhases = (
				7B06B7922D514C8C0001D0FB /* Sources */,
				7B06B7932D514C8C0001D0FB /* Frameworks */,
				7B06B7942D514C8C0001D0FB /* Resources */,
			);
			buildRules = (
			);
			dependencies = (
				7B06B7982D514C8C0001D0FB /* PBXTargetDependency */,
			);
			name = "teste 3Tests";
			productName = "teste 3Tests";
			productReference = 7B06B7962D514C8C0001D0FB /* teste 3Tests.xctest */;
			productType = "com.apple.product-type.bundle.unit-test";
		};
		7B06B79F2D514C8C0001D0FB /* teste 3UITests */ = {
			isa = PBXNativeTarget;
			buildConfigurationList = 7B06B7B02D514C8C0001D0FB /* Build configuration list for PBXNativeTarget "teste 3UITests" */;
			buildPhases = (
				7B06B79C2D514C8C0001D0FB /* Sources */,
				7B06B79D2D514C8C0001D0FB /* Frameworks */,
				7B06B79E2D514C8C0001D0FB /* Resources */,
			);
			buildRules = (
			);
			dependencies = (
				7B06B7A22D514C8C0001D0FB /* PBXTargetDependency */,
			);
			name = "teste 3UITests";
			productName = "teste 3UITests";
			productReference = 7B06B7A02D514C8C0001D0FB /* teste 3UITests.xctest */;
			productType = "com.apple.product-type.bundle.ui-testing";
		};
/* End PBXNativeTarget section */

/* Begin PBXProject section */
		7B06B77E2D514C8B0001D0FB /* Project object */ = {
			isa = PBXProject;
			attributes = {
				BuildIndependentTargetsInParallel = 1;
				LastSwiftUpdateCheck = 1520;
				LastUpgradeCheck = 1520;
				TargetAttributes = {
					7B06B7852D514C8B0001D0FB = {
						CreatedOnToolsVersion = 15.2;
					};
					7B06B7952D514C8C0001D0FB = {
						CreatedOnToolsVersion = 15.2;
						TestTargetID = 7B06B7852D514C8B0001D0FB;
					};
					7B06B79F2D514C8C0001D0FB = {
						CreatedOnToolsVersion = 15.2;
						TestTargetID = 7B06B7852D514C8B0001D0FB;
					};
				};
			};
			buildConfigurationList = 7B06B7812D514C8B0001D0FB /* Build configuration list for PBXProject "teste 3" */;
			compatibilityVersion = "Xcode 14.0";
			developmentRegion = en;
			hasScannedForEncodings = 0;
			knownRegions = (
				en,
				Base,
			);
			mainGroup = 7B06B77D2D514C8B0001D0FB;
			productRefGroup = 7B06B7872D514C8B0001D0FB /* Products */;
			projectDirPath = "";
			projectRoot = "";
			targets = (
				7B06B7852D514C8B0001D0FB /* teste 3 */,
				7B06B7952D514C8C0001D0FB /* teste 3Tests */,
				7B06B79F2D514C8C0001D0FB /* teste 3UITests */,
			);
		};
/* End PBXProject section */

/* Begin PBXResourcesBuildPhase section */
		7B06B7842D514C8B0001D0FB /* Resources */ = {
			isa = PBXResourcesBuildPhase;
			buildActionMask = 2147483647;
			files = (
				7B06B7912D514C8C0001D0FB /* Preview Assets.xcassets in Resources */,
				7B06B78E2D514C8C0001D0FB /* Assets.xcassets in Resources */,
			);
			runOnlyForDeploymentPostprocessing = 0;
		};
		7B06B7942D514C8C0001D0FB /* Resources */ = {
			isa = PBXResourcesBuildPhase;
			buildActionMask = 2147483647;
			files = (
			);
			runOnlyForDeploymentPostprocessing = 0;
		};
		7B06B79E2D514C8C0001D0FB /* Resources */ = {
			isa = PBXResourcesBuildPhase;
			buildActionMask = 2147483647;
			files = (
			);
			runOnlyForDeploymentPostprocessing = 0;
		};
/* End PBXResourcesBuildPhase section */

/* Begin PBXSourcesBuildPhase section */
		7B06B7822D514C8B0001D0FB /* Sources */ = {
			isa = PBXSourcesBuildPhase;
			buildActionMask = 2147483647;
			files = (
				7B06B78C2D514C8B0001D0FB /* ContentView.swift in Sources */,
				7B06B7B52D514CA30001D0FB /* ImageTest.xcdatamodeld in Sources */,
				7B06B7B72D514CD20001D0FB /* imageConverterTest.swift in Sources */,
				7B06B78A2D514C8B0001D0FB /* teste_3App.swift in Sources */,
				7B06B7B92D51504B0001D0FB /* persistence.swift in Sources */,
			);
			runOnlyForDeploymentPostprocessing = 0;
		};
		7B06B7922D514C8C0001D0FB /* Sources */ = {
			isa = PBXSourcesBuildPhase;
			buildActionMask = 2147483647;
			files = (
				7B06B79B2D514C8C0001D0FB /* teste_3Tests.swift in Sources */,
			);
			runOnlyForDeploymentPostprocessing = 0;
		};
		7B06B79C2D514C8C0001D0FB /* Sources */ = {
			isa = PBXSourcesBuildPhase;
			buildActionMask = 2147483647;
			files = (
				7B06B7A72D514C8C0001D0FB /* teste_3UITestsLaunchTests.swift in Sources */,
				7B06B7A52D514C8C0001D0FB /* teste_3UITests.swift in Sources */,
			);
			runOnlyForDeploymentPostprocessing = 0;
		};
/* End PBXSourcesBuildPhase section */

/* Begin PBXTargetDependency section */
		7B06B7982D514C8C0001D0FB /* PBXTargetDependency */ = {
			isa = PBXTargetDependency;
			target = 7B06B7852D514C8B0001D0FB /* teste 3 */;
			targetProxy = 7B06B7972D514C8C0001D0FB /* PBXContainerItemProxy */;
		};
		7B06B7A22D514C8C0001D0FB /* PBXTargetDependency */ = {
			isa = PBXTargetDependency;
			target = 7B06B7852D514C8B0001D0FB /* teste 3 */;
			targetProxy = 7B06B7A12D514C8C0001D0FB /* PBXContainerItemProxy */;
		};
/* End PBXTargetDependency section */

/* Begin XCBuildConfiguration section */
		7B06B7A82D514C8C0001D0FB /* Debug */ = {
			isa = XCBuildConfiguration;
			buildSettings = {
				ALWAYS_SEARCH_USER_PATHS = NO;
				ASSETCATALOG_COMPILER_GENERATE_SWIFT_ASSET_SYMBOL_EXTENSIONS = YES;
				CLANG_ANALYZER_NONNULL = YES;
				CLANG_ANALYZER_NUMBER_OBJECT_CONVERSION = YES_AGGRESSIVE;
				CLANG_CXX_LANGUAGE_STANDARD = "gnu++20";
				CLANG_ENABLE_MODULES = YES;
				CLANG_ENABLE_OBJC_ARC = YES;
				CLANG_ENABLE_OBJC_WEAK = YES;
				CLANG_WARN_BLOCK_CAPTURE_AUTORELEASING = YES;
				CLANG_WARN_BOOL_CONVERSION = YES;
				CLANG_WARN_COMMA = YES;
				CLANG_WARN_CONSTANT_CONVERSION = YES;
				CLANG_WARN_DEPRECATED_OBJC_IMPLEMENTATIONS = YES;
				CLANG_WARN_DIRECT_OBJC_ISA_USAGE = YES_ERROR;
				CLANG_WARN_DOCUMENTATION_COMMENTS = YES;
				CLANG_WARN_EMPTY_BODY = YES;
				CLANG_WARN_ENUM_CONVERSION = YES;
				CLANG_WARN_INFINITE_RECURSION = YES;
				CLANG_WARN_INT_CONVERSION = YES;
				CLANG_WARN_NON_LITERAL_NULL_CONVERSION = YES;
				CLANG_WARN_OBJC_IMPLICIT_RETAIN_SELF = YES;
				CLANG_WARN_OBJC_LITERAL_CONVERSION = YES;
				CLANG_WARN_OBJC_ROOT_CLASS = YES_ERROR;
				CLANG_WARN_QUOTED_INCLUDE_IN_FRAMEWORK_HEADER = YES;
				CLANG_WARN_RANGE_LOOP_ANALYSIS = YES;
				CLANG_WARN_STRICT_PROTOTYPES = YES;
				CLANG_WARN_SUSPICIOUS_MOVE = YES;
				CLANG_WARN_UNGUARDED_AVAILABILITY = YES_AGGRESSIVE;
				CLANG_WARN_UNREACHABLE_CODE = YES;
				CLANG_WARN__DUPLICATE_METHOD_MATCH = YES;
				COPY_PHASE_STRIP = NO;
				DEBUG_INFORMATION_FORMAT = dwarf;
				ENABLE_STRICT_OBJC_MSGSEND = YES;
				ENABLE_TESTABILITY = YES;
				ENABLE_USER_SCRIPT_SANDBOXING = YES;
				GCC_C_LANGUAGE_STANDARD = gnu17;
				GCC_DYNAMIC_NO_PIC = NO;
				GCC_NO_COMMON_BLOCKS = YES;
				GCC_OPTIMIZATION_LEVEL = 0;
				GCC_PREPROCESSOR_DEFINITIONS = (
					"DEBUG=1",
					"$(inherited)",
				);
				GCC_WARN_64_TO_32_BIT_CONVERSION = YES;
				GCC_WARN_ABOUT_RETURN_TYPE = YES_ERROR;
				GCC_WARN_UNDECLARED_SELECTOR = YES;
				GCC_WARN_UNINITIALIZED_AUTOS = YES_AGGRESSIVE;
				GCC_WARN_UNUSED_FUNCTION = YES;
				GCC_WARN_UNUSED_VARIABLE = YES;
				IPHONEOS_DEPLOYMENT_TARGET = 17.2;
				LOCALIZATION_PREFERS_STRING_CATALOGS = YES;
				MTL_ENABLE_DEBUG_INFO = INCLUDE_SOURCE;
				MTL_FAST_MATH = YES;
				ONLY_ACTIVE_ARCH = YES;
				SDKROOT = iphoneos;
				SWIFT_ACTIVE_COMPILATION_CONDITIONS = "DEBUG $(inherited)";
				SWIFT_OPTIMIZATION_LEVEL = "-Onone";
			};
			name = Debug;
		};
		7B06B7A92D514C8C0001D0FB /* Release */ = {
			isa = XCBuildConfiguration;
			buildSettings = {
				ALWAYS_SEARCH_USER_PATHS = NO;
				ASSETCATALOG_COMPILER_GENERATE_SWIFT_ASSET_SYMBOL_EXTENSIONS = YES;
				CLANG_ANALYZER_NONNULL = YES;
				CLANG_ANALYZER_NUMBER_OBJECT_CONVERSION = YES_AGGRESSIVE;
				CLANG_CXX_LANGUAGE_STANDARD = "gnu++20";
				CLANG_ENABLE_MODULES = YES;
				CLANG_ENABLE_OBJC_ARC = YES;
				CLANG_ENABLE_OBJC_WEAK = YES;
				CLANG_WARN_BLOCK_CAPTURE_AUTORELEASING = YES;
				CLANG_WARN_BOOL_CONVERSION = YES;
				CLANG_WARN_COMMA = YES;
				CLANG_WARN_CONSTANT_CONVERSION = YES;
				CLANG_WARN_DEPRECATED_OBJC_IMPLEMENTATIONS = YES;
				CLANG_WARN_DIRECT_OBJC_ISA_USAGE = YES_ERROR;
				CLANG_WARN_DOCUMENTATION_COMMENTS = YES;
				CLANG_WARN_EMPTY_BODY = YES;
				CLANG_WARN_ENUM_CONVERSION = YES;
				CLANG_WARN_INFINITE_RECURSION = YES;
				CLANG_WARN_INT_CONVERSION = YES;
				CLANG_WARN_NON_LITERAL_NULL_CONVERSION = YES;
				CLANG_WARN_OBJC_IMPLICIT_RETAIN_SELF = YES;
				CLANG_WARN_OBJC_LITERAL_CONVERSION = YES;
				CLANG_WARN_OBJC_ROOT_CLASS = YES_ERROR;
				CLANG_WARN_QUOTED_INCLUDE_IN_FRAMEWORK_HEADER = YES;
				CLANG_WARN_RANGE_LOOP_ANALYSIS = YES;
				CLANG_WARN_STRICT_PROTOTYPES = YES;
				CLANG_WARN_SUSPICIOUS_MOVE = YES;
				CLANG_WARN_UNGUARDED_AVAILABILITY = YES_AGGRESSIVE;
				CLANG_WARN_UNREACHABLE_CODE = YES;
				CLANG_WARN__DUPLICATE_METHOD_MATCH = YES;
				COPY_PHASE_STRIP = NO;
				DEBUG_INFORMATION_FORMAT = "dwarf-with-dsym";
				ENABLE_NS_ASSERTIONS = NO;
				ENABLE_STRICT_OBJC_MSGSEND = YES;
				ENABLE_USER_SCRIPT_SANDBOXING = YES;
				GCC_C_LANGUAGE_STANDARD = gnu17;
				GCC_NO_COMMON_BLOCKS = YES;
				GCC_WARN_64_TO_32_BIT_CONVERSION = YES;
				GCC_WARN_ABOUT_RETURN_TYPE = YES_ERROR;
				GCC_WARN_UNDECLARED_SELECTOR = YES;
				GCC_WARN_UNINITIALIZED_AUTOS = YES_AGGRESSIVE;
				GCC_WARN_UNUSED_FUNCTION = YES;
				GCC_WARN_UNUSED_VARIABLE = YES;
				IPHONEOS_DEPLOYMENT_TARGET = 17.2;
				LOCALIZATION_PREFERS_STRING_CATALOGS = YES;
				MTL_ENABLE_DEBUG_INFO = NO;
				MTL_FAST_MATH = YES;
				SDKROOT = iphoneos;
				SWIFT_COMPILATION_MODE = wholemodule;
				VALIDATE_PRODUCT = YES;
			};
			name = Release;
		};
		7B06B7AB2D514C8C0001D0FB /* Debug */ = {
			isa = XCBuildConfiguration;
			buildSettings = {
				ASSETCATALOG_COMPILER_APPICON_NAME = AppIcon;
				ASSETCATALOG_COMPILER_GLOBAL_ACCENT_COLOR_NAME = AccentColor;
				CODE_SIGN_STYLE = Automatic;
				CURRENT_PROJECT_VERSION = 1;
				DEVELOPMENT_ASSET_PATHS = "\"teste 3/Preview Content\"";
				ENABLE_PREVIEWS = YES;
				GENERATE_INFOPLIST_FILE = YES;
				INFOPLIST_FILE = "teste-3-Info.plist";
				INFOPLIST_KEY_NSPhotoLibraryAddUsageDescription = "";
				INFOPLIST_KEY_NSPhotoLibraryUsageDescription = "";
				INFOPLIST_KEY_UIApplicationSceneManifest_Generation = YES;
				INFOPLIST_KEY_UIApplicationSupportsIndirectInputEvents = YES;
				INFOPLIST_KEY_UILaunchScreen_Generation = YES;
				INFOPLIST_KEY_UISupportedInterfaceOrientations_iPad = "UIInterfaceOrientationPortrait UIInterfaceOrientationPortraitUpsideDown UIInterfaceOrientationLandscapeLeft UIInterfaceOrientationLandscapeRight";
				INFOPLIST_KEY_UISupportedInterfaceOrientations_iPhone = "UIInterfaceOrientationPortrait UIInterfaceOrientationLandscapeLeft UIInterfaceOrientationLandscapeRight";
				LD_RUNPATH_SEARCH_PATHS = (
					"$(inherited)",
					"@executable_path/Frameworks",
				);
				MARKETING_VERSION = 1.0;
				PRODUCT_BUNDLE_IDENTIFIER = "amanda.teste-3";
				PRODUCT_NAME = "$(TARGET_NAME)";
				SWIFT_EMIT_LOC_STRINGS = YES;
				SWIFT_VERSION = 5.0;
				TARGETED_DEVICE_FAMILY = "1,2";
			};
			name = Debug;
		};
		7B06B7AC2D514C8C0001D0FB /* Release */ = {
			isa = XCBuildConfiguration;
			buildSettings = {
				ASSETCATALOG_COMPILER_APPICON_NAME = AppIcon;
				ASSETCATALOG_COMPILER_GLOBAL_ACCENT_COLOR_NAME = AccentColor;
				CODE_SIGN_STYLE = Automatic;
				CURRENT_PROJECT_VERSION = 1;
				DEVELOPMENT_ASSET_PATHS = "\"teste 3/Preview Content\"";
				ENABLE_PREVIEWS = YES;
				GENERATE_INFOPLIST_FILE = YES;
				INFOPLIST_FILE = "teste-3-Info.plist";
				INFOPLIST_KEY_NSPhotoLibraryAddUsageDescription = "";
				INFOPLIST_KEY_NSPhotoLibraryUsageDescription = "";
				INFOPLIST_KEY_UIApplicationSceneManifest_Generation = YES;
				INFOPLIST_KEY_UIApplicationSupportsIndirectInputEvents = YES;
				INFOPLIST_KEY_UILaunchScreen_Generation = YES;
				INFOPLIST_KEY_UISupportedInterfaceOrientations_iPad = "UIInterfaceOrientationPortrait UIInterfaceOrientationPortraitUpsideDown UIInterfaceOrientationLandscapeLeft UIInterfaceOrientationLandscapeRight";
				INFOPLIST_KEY_UISupportedInterfaceOrientations_iPhone = "UIInterfaceOrientationPortrait UIInterfaceOrientationLandscapeLeft UIInterfaceOrientationLandscapeRight";
				LD_RUNPATH_SEARCH_PATHS = (
					"$(inherited)",
					"@executable_path/Frameworks",
				);
				MARKETING_VERSION = 1.0;
				PRODUCT_BUNDLE_IDENTIFIER = "amanda.teste-3";
				PRODUCT_NAME = "$(TARGET_NAME)";
				SWIFT_EMIT_LOC_STRINGS = YES;
				SWIFT_VERSION = 5.0;
				TARGETED_DEVICE_FAMILY = "1,2";
			};
			name = Release;
		};
		7B06B7AE2D514C8C0001D0FB /* Debug */ = {
			isa = XCBuildConfiguration;
			buildSettings = {
				ALWAYS_EMBED_SWIFT_STANDARD_LIBRARIES = YES;
				BUNDLE_LOADER = "$(TEST_HOST)";
				CODE_SIGN_STYLE = Automatic;
				CURRENT_PROJECT_VERSION = 1;
				GENERATE_INFOPLIST_FILE = YES;
				IPHONEOS_DEPLOYMENT_TARGET = 17.2;
				MARKETING_VERSION = 1.0;
				PRODUCT_BUNDLE_IDENTIFIER = "amanda.teste-3Tests";
				PRODUCT_NAME = "$(TARGET_NAME)";
				SWIFT_EMIT_LOC_STRINGS = NO;
				SWIFT_VERSION = 5.0;
				TARGETED_DEVICE_FAMILY = "1,2";
				TEST_HOST = "$(BUILT_PRODUCTS_DIR)/teste 3.app/$(BUNDLE_EXECUTABLE_FOLDER_PATH)/teste 3";
			};
			name = Debug;
		};
		7B06B7AF2D514C8C0001D0FB /* Release */ = {
			isa = XCBuildConfiguration;
			buildSettings = {
				ALWAYS_EMBED_SWIFT_STANDARD_LIBRARIES = YES;
				BUNDLE_LOADER = "$(TEST_HOST)";
				CODE_SIGN_STYLE = Automatic;
				CURRENT_PROJECT_VERSION = 1;
				GENERATE_INFOPLIST_FILE = YES;
				IPHONEOS_DEPLOYMENT_TARGET = 17.2;
				MARKETING_VERSION = 1.0;
				PRODUCT_BUNDLE_IDENTIFIER = "amanda.teste-3Tests";
				PRODUCT_NAME = "$(TARGET_NAME)";
				SWIFT_EMIT_LOC_STRINGS = NO;
				SWIFT_VERSION = 5.0;
				TARGETED_DEVICE_FAMILY = "1,2";
				TEST_HOST = "$(BUILT_PRODUCTS_DIR)/teste 3.app/$(BUNDLE_EXECUTABLE_FOLDER_PATH)/teste 3";
			};
			name = Release;
		};
		7B06B7B12D514C8C0001D0FB /* Debug */ = {
			isa = XCBuildConfiguration;
			buildSettings = {
				ALWAYS_EMBED_SWIFT_STANDARD_LIBRARIES = YES;
				CODE_SIGN_STYLE = Automatic;
				CURRENT_PROJECT_VERSION = 1;
				GENERATE_INFOPLIST_FILE = YES;
				MARKETING_VERSION = 1.0;
				PRODUCT_BUNDLE_IDENTIFIER = "amanda.teste-3UITests";
				PRODUCT_NAME = "$(TARGET_NAME)";
				SWIFT_EMIT_LOC_STRINGS = NO;
				SWIFT_VERSION = 5.0;
				TARGETED_DEVICE_FAMILY = "1,2";
				TEST_TARGET_NAME = "teste 3";
			};
			name = Debug;
		};
		7B06B7B22D514C8C0001D0FB /* Release */ = {
			isa = XCBuildConfiguration;
			buildSettings = {
				ALWAYS_EMBED_SWIFT_STANDARD_LIBRARIES = YES;
				CODE_SIGN_STYLE = Automatic;
				CURRENT_PROJECT_VERSION = 1;
				GENERATE_INFOPLIST_FILE = YES;
				MARKETING_VERSION = 1.0;
				PRODUCT_BUNDLE_IDENTIFIER = "amanda.teste-3UITests";
				PRODUCT_NAME = "$(TARGET_NAME)";
				SWIFT_EMIT_LOC_STRINGS = NO;
				SWIFT_VERSION = 5.0;
				TARGETED_DEVICE_FAMILY = "1,2";
				TEST_TARGET_NAME = "teste 3";
			};
			name = Release;
		};
/* End XCBuildConfiguration section */

/* Begin XCConfigurationList section */
		7B06B7812D514C8B0001D0FB /* Build configuration list for PBXProject "teste 3" */ = {
			isa = XCConfigurationList;
			buildConfigurations = (
				7B06B7A82D514C8C0001D0FB /* Debug */,
				7B06B7A92D514C8C0001D0FB /* Release */,
			);
			defaultConfigurationIsVisible = 0;
			defaultConfigurationName = Release;
		};
		7B06B7AA2D514C8C0001D0FB /* Build configuration list for PBXNativeTarget "teste 3" */ = {
			isa = XCConfigurationList;
			buildConfigurations = (
				7B06B7AB2D514C8C0001D0FB /* Debug */,
				7B06B7AC2D514C8C0001D0FB /* Release */,
			);
			defaultConfigurationIsVisible = 0;
			defaultConfigurationName = Release;
		};
		7B06B7AD2D514C8C0001D0FB /* Build configuration list for PBXNativeTarget "teste 3Tests" */ = {
			isa = XCConfigurationList;
			buildConfigurations = (
				7B06B7AE2D514C8C0001D0FB /* Debug */,
				7B06B7AF2D514C8C0001D0FB /* Release */,
			);
			defaultConfigurationIsVisible = 0;
			defaultConfigurationName = Release;
		};
		7B06B7B02D514C8C0001D0FB /* Build configuration list for PBXNativeTarget "teste 3UITests" */ = {
			isa = XCConfigurationList;
			buildConfigurations = (
				7B06B7B12D514C8C0001D0FB /* Debug */,
				7B06B7B22D514C8C0001D0FB /* Release */,
			);
			defaultConfigurationIsVisible = 0;
			defaultConfigurationName = Release;
		};
/* End XCConfigurationList section */

/* Begin XCVersionGroup section */
		7B06B7B32D514CA30001D0FB /* ImageTest.xcdatamodeld */ = {
			isa = XCVersionGroup;
			children = (
				7B06B7B42D514CA30001D0FB /* ImageTest.xcdatamodel */,
			);
			currentVersion = 7B06B7B42D514CA30001D0FB /* ImageTest.xcdatamodel */;
			path = ImageTest.xcdatamodeld;
			sourceTree = "<group>";
			versionGroupType = wrapper.xcdatamodel;
		};
/* End XCVersionGroup section */
	};
	rootObject = 7B06B77E2D514C8B0001D0FB /* Project object */;
}
